
Microsoft Visual Studio Solution File, Format Version 12.00
# Visual Studio Version 16
VisualStudioVersion = 16.0.30503.244
MinimumVisualStudioVersion = 10.0.40219.1
Project("{FAE04EC0-301F-11D3-BF4B-00C04F79EFBC}") = "Challenge1", "Challenge1\Challenge1.csproj", "{C5748866-7850-43F4-A90C-A9783BD094F4}"
EndProject
Global
	GlobalSection(SolutionConfigurationPlatforms) = preSolution
		Debug|Any CPU = Debug|Any CPU
		Release|Any CPU = Release|Any CPU
	EndGlobalSection
	GlobalSection(ProjectConfigurationPlatforms) = postSolution
		{C5748866-7850-43F4-A90C-A9783BD094F4}.Debug|Any CPU.ActiveCfg = Debug|Any CPU
		{C5748866-7850-43F4-A90C-A9783BD094F4}.Debug|Any CPU.Build.0 = Debug|Any CPU
		{C5748866-7850-43F4-A90C-A9783BD094F4}.Release|Any CPU.ActiveCfg = Release|Any CPU
		{C5748866-7850-43F4-A90C-A9783BD094F4}.Release|Any CPU.Build.0 = Release|Any CPU
	EndGlobalSection
	GlobalSection(SolutionProperties) = preSolution
		HideSolutionNode = FALSE
	EndGlobalSection
	GlobalSection(ExtensibilityGlobals) = postSolution
		SolutionGuid = {4AEFC84C-6CB5-4B49-93EA-2981C87C1331}
	EndGlobalSection
EndGlobal
